
Microsoft Visual Studio Solution File, Format Version 12.00
# Visual Studio 2013
VisualStudioVersion = 12.0.31101.0
MinimumVisualStudioVersion = 10.0.40219.1
Project("{E24C65DC-7377-472B-9ABA-BC803B73C61A}") = "RentalPro", "http://localhost/RentalPro", "{B8C0FD03-04E3-4E16-9D55-41BC5E28FD41}"
	ProjectSection(WebsiteProperties) = preProject
		UseIISExpress = "false"
		TargetFrameworkMoniker = ".NETFramework,Version%3Dv4.5.1"
		ProjectReferences = "{36eac788-77c9-4e37-80f6-9d275e78ea19}|Velixo.ToolRental.dll;"
		Debug.AspNetCompiler.VirtualPath = "/RentalPro"
		Debug.AspNetCompiler.PhysicalPath = "..\..\..\Program Files (x86)\Acumatica ERP\RentalPro\"
		Debug.AspNetCompiler.TargetPath = "PrecompiledWeb\RentalPro\"
		Debug.AspNetCompiler.Updateable = "true"
		Debug.AspNetCompiler.ForceOverwrite = "true"
		Debug.AspNetCompiler.FixedNames = "false"
		Debug.AspNetCompiler.Debug = "True"
		Release.AspNetCompiler.VirtualPath = "/RentalPro"
		Release.AspNetCompiler.PhysicalPath = "..\..\..\Program Files (x86)\Acumatica ERP\RentalPro\"
		Release.AspNetCompiler.TargetPath = "PrecompiledWeb\RentalPro\"
		Release.AspNetCompiler.Updateable = "true"
		Release.AspNetCompiler.ForceOverwrite = "true"
		Release.AspNetCompiler.FixedNames = "false"
		Release.AspNetCompiler.Debug = "False"
		SlnRelativePath = "..\..\..\Program Files (x86)\Acumatica ERP\RentalPro\"
	EndProjectSection
EndProject
Project("{FAE04EC0-301F-11D3-BF4B-00C04F79EFBC}") = "Acumatica.RentalPro", "Acumatica.RentalPro\Acumatica.RentalPro.csproj", "{36EAC788-77C9-4E37-80F6-9D275E78EA19}"
EndProject
Global
	GlobalSection(SolutionConfigurationPlatforms) = preSolution
		Debug|Any CPU = Debug|Any CPU
		Release|Any CPU = Release|Any CPU
	EndGlobalSection
	GlobalSection(ProjectConfigurationPlatforms) = postSolution
		{B8C0FD03-04E3-4E16-9D55-41BC5E28FD41}.Debug|Any CPU.ActiveCfg = Debug|Any CPU
		{B8C0FD03-04E3-4E16-9D55-41BC5E28FD41}.Debug|Any CPU.Build.0 = Debug|Any CPU
		{B8C0FD03-04E3-4E16-9D55-41BC5E28FD41}.Release|Any CPU.ActiveCfg = Debug|Any CPU
		{B8C0FD03-04E3-4E16-9D55-41BC5E28FD41}.Release|Any CPU.Build.0 = Debug|Any CPU
		{36EAC788-77C9-4E37-80F6-9D275E78EA19}.Debug|Any CPU.ActiveCfg = Debug|Any CPU
		{36EAC788-77C9-4E37-80F6-9D275E78EA19}.Debug|Any CPU.Build.0 = Debug|Any CPU
		{36EAC788-77C9-4E37-80F6-9D275E78EA19}.Release|Any CPU.ActiveCfg = Release|Any CPU
		{36EAC788-77C9-4E37-80F6-9D275E78EA19}.Release|Any CPU.Build.0 = Release|Any CPU
	EndGlobalSection
	GlobalSection(SolutionProperties) = preSolution
		HideSolutionNode = FALSE
	EndGlobalSection
EndGlobal
